{
  "lib/cow": {
    "branch": {
      "name": "main",
      "rev": "c94c595a791681cf8ba7495117dcde397b932885"
    }
  },
  "lib/euler-vault-kit": {
    "rev": "5b98b42048ba11ae82fb62dfec06d1010c8e41e6"
  },
  "lib/evc": {
    "rev": "34bb788288a0eb0fbba06bc370cb8ca3dd42614e"
  },
  "lib/forge-std": {
    "rev": "0768d9c08c085c79bb31d88683a78770764fec49"
  },
  "lib/openzeppelin-contracts": {
    "tag": {
      "name": "v5.5.0",
      "rev": "fcbae5394ae8ad52d8e580a3477db99814b9d565"
    }
  }
}