{
  "lib/euler-vault-kit": {
    "rev": "5b98b42048ba11ae82fb62dfec06d1010c8e41e6"
  },
  "lib/evc": {
    "rev": "34bb788288a0eb0fbba06bc370cb8ca3dd42614e"
  },
  "lib/forge-std": {
    "rev": "04ee608913e6c334973649b2b1a2976260647c1b"
  },
  "lib/openzeppelin-contracts": {
    "tag": {
      "name": "v5.5.0",
      "rev": "fcbae5394ae8ad52d8e580a3477db99814b9d565"
    }
  }
}